// !$*UTF8*$!
{
	archiveVersion = 1;
	classes = {
	};
	objectVersion = 56;
	objects = {

/* Begin PBXBuildFile section */
		141D318D2C81CECE00B7D303 /* SDU_App.swift in Sources */ = {isa = PBXBuildFile; fileRef = 141D318C2C81CECE00B7D303 /* SDU_App.swift */; };
		141D31912C81CECF00B7D303 /* Assets.xcassets in Resources */ = {isa = PBXBuildFile; fileRef = 141D31902C81CECF00B7D303 /* Assets.xcassets */; };
		141D31942C81CECF00B7D303 /* Preview Assets.xcassets in Resources */ = {isa = PBXBuildFile; fileRef = 141D31932C81CECF00B7D303 /* Preview Assets.xcassets */; };
		141D319E2C81CECF00B7D303 /* SDU_AppTests.swift in Sources */ = {isa = PBXBuildFile; fileRef = 141D319D2C81CECF00B7D303 /* SDU_AppTests.swift */; };
		141D31A82C81CECF00B7D303 /* SDU_AppUITests.swift in Sources */ = {isa = PBXBuildFile; fileRef = 141D31A72C81CECF00B7D303 /* SDU_AppUITests.swift */; };
		141D31AA2C81CECF00B7D303 /* SDU_AppUITestsLaunchTests.swift in Sources */ = {isa = PBXBuildFile; fileRef = 141D31A92C81CECF00B7D303 /* SDU_AppUITestsLaunchTests.swift */; };
		147C9E0E2C9630CF00268345 /* FirebaseAnalytics in Frameworks */ = {isa = PBXBuildFile; productRef = 147C9E0D2C9630CF00268345 /* FirebaseAnalytics */; };
		147C9E102C9630CF00268345 /* FirebaseAnalyticsOnDeviceConversion in Frameworks */ = {isa = PBXBuildFile; productRef = 147C9E0F2C9630CF00268345 /* FirebaseAnalyticsOnDeviceConversion */; };
		147C9E122C9630CF00268345 /* FirebaseAnalyticsWithoutAdIdSupport in Frameworks */ = {isa = PBXBuildFile; productRef = 147C9E112C9630CF00268345 /* FirebaseAnalyticsWithoutAdIdSupport */; };
		147C9E142C9630CF00268345 /* FirebaseAppCheck in Frameworks */ = {isa = PBXBuildFile; productRef = 147C9E132C9630CF00268345 /* FirebaseAppCheck */; };
		147C9E162C9630CF00268345 /* FirebaseAppDistribution-Beta in Frameworks */ = {isa = PBXBuildFile; productRef = 147C9E152C9630CF00268345 /* FirebaseAppDistribution-Beta */; };
		147C9E182C97498400268345 /* Color.swift in Sources */ = {isa = PBXBuildFile; fileRef = 147C9E172C97498400268345 /* Color.swift */; };
		147C9E1C2C974ECA00268345 /* Geometry.swift in Sources */ = {isa = PBXBuildFile; fileRef = 147C9E1B2C974ECA00268345 /* Geometry.swift */; };
		147C9E1E2C975FF700268345 /* WeekView.swift in Sources */ = {isa = PBXBuildFile; fileRef = 147C9E1D2C975FF700268345 /* WeekView.swift */; };
		147C9E202C976C0500268345 /* StringCalls.swift in Sources */ = {isa = PBXBuildFile; fileRef = 147C9E1F2C976C0500268345 /* StringCalls.swift */; };
		147C9E272C98B50A00268345 /* Waterfall.swift in Sources */ = {isa = PBXBuildFile; fileRef = 147C9E262C98B50A00268345 /* Waterfall.swift */; };
		147C9E292C98BB3900268345 /* LessonInfo.swift in Sources */ = {isa = PBXBuildFile; fileRef = 147C9E282C98BB3900268345 /* LessonInfo.swift */; };
		14C4764F2C9C40AB00F8B8E3 /* ScheduleManager.swift in Sources */ = {isa = PBXBuildFile; fileRef = 14C4764E2C9C40A300F8B8E3 /* ScheduleManager.swift */; };
		14C476512C9C419400F8B8E3 /* NotificationManager.swift in Sources */ = {isa = PBXBuildFile; fileRef = 14C476502C9C418D00F8B8E3 /* NotificationManager.swift */; };
		14C476532C9C482600F8B8E3 /* ntfy-test(это просто какой то прикол).apns in Resources */ = {isa = PBXBuildFile; fileRef = 14C476522C9C481B00F8B8E3 /* ntfy-test(это просто какой то прикол).apns */; };
		14C4765C2C9C608C00F8B8E3 /* GoogleService-Info.plist in Resources */ = {isa = PBXBuildFile; fileRef = 14C4765B2C9C608C00F8B8E3 /* GoogleService-Info.plist */; };
		14C4765F2C9D286E00F8B8E3 /* DatabaseManager.swift in Sources */ = {isa = PBXBuildFile; fileRef = 14C4765E2C9D286800F8B8E3 /* DatabaseManager.swift */; };
		14D1CA182C9F4FF700F376C0 /* Algorithms in Frameworks */ = {isa = PBXBuildFile; productRef = 14D1CA172C9F4FF700F376C0 /* Algorithms */; };
		14D1CA1A2C9F500A00F376C0 /* FirebaseFirestore in Frameworks */ = {isa = PBXBuildFile; productRef = 14D1CA192C9F500A00F376C0 /* FirebaseFirestore */; };
		14D1CA1C2C9F501200F376C0 /* FirebaseDatabase in Frameworks */ = {isa = PBXBuildFile; productRef = 14D1CA1B2C9F501200F376C0 /* FirebaseDatabase */; };
		14D1CA1E2C9F501900F376C0 /* FirebaseStorage in Frameworks */ = {isa = PBXBuildFile; productRef = 14D1CA1D2C9F501900F376C0 /* FirebaseStorage */; };
		14D1CA202C9F504C00F376C0 /* FirebaseFirestoreCombine-Community in Frameworks */ = {isa = PBXBuildFile; productRef = 14D1CA1F2C9F504C00F376C0 /* FirebaseFirestoreCombine-Community */; };
		14D1CA222CA06EB500F376C0 /* DatabaseConnection.swift in Sources */ = {isa = PBXBuildFile; fileRef = 14D1CA212CA06EB500F376C0 /* DatabaseConnection.swift */; };
		14D2BC342C92A11B00E4CB6D /* Localizable.strings in Resources */ = {isa = PBXBuildFile; fileRef = 14D2BC322C92A11B00E4CB6D /* Localizable.strings */; };
		14D2BC392C92A14A00E4CB6D /* sys_w.strings in Resources */ = {isa = PBXBuildFile; fileRef = 14D2BC372C92A14A00E4CB6D /* sys_w.strings */; };
		14D2BC3C2C93E37C00E4CB6D /* courses_details.strings in Resources */ = {isa = PBXBuildFile; fileRef = 14D2BC3A2C93E37C00E4CB6D /* courses_details.strings */; };
		14E104EE2C90BA41001A7F36 /* screen_schedule.swift in Sources */ = {isa = PBXBuildFile; fileRef = 14E104ED2C90BA41001A7F36 /* screen_schedule.swift */; };
		14E104F12C910603001A7F36 /* ViewBox.swift in Sources */ = {isa = PBXBuildFile; fileRef = 14E104F02C910603001A7F36 /* ViewBox.swift */; };
		14E104F32C91B3F5001A7F36 /* screen_courses.swift in Sources */ = {isa = PBXBuildFile; fileRef = 14E104F22C91B3F5001A7F36 /* screen_courses.swift */; };
		14E104F52C91B49B001A7F36 /* screen_deadlines.swift in Sources */ = {isa = PBXBuildFile; fileRef = 14E104F42C91B49B001A7F36 /* screen_deadlines.swift */; };
/* End PBXBuildFile section */

/* Begin PBXContainerItemProxy section */
		141D319A2C81CECF00B7D303 /* PBXContainerItemProxy */ = {
			isa = PBXContainerItemProxy;
			containerPortal = 141D31812C81CECE00B7D303 /* Project object */;
			proxyType = 1;
			remoteGlobalIDString = 141D31882C81CECE00B7D303;
			remoteInfo = SDU_App;
		};
		141D31A42C81CECF00B7D303 /* PBXContainerItemProxy */ = {
			isa = PBXContainerItemProxy;
			containerPortal = 141D31812C81CECE00B7D303 /* Project object */;
			proxyType = 1;
			remoteGlobalIDString = 141D31882C81CECE00B7D303;
			remoteInfo = SDU_App;
		};
/* End PBXContainerItemProxy section */

/* Begin PBXFileReference section */
		141D31892C81CECE00B7D303 /* SDU App.app */ = {isa = PBXFileReference; explicitFileType = wrapper.application; includeInIndex = 0; path = "SDU App.app"; sourceTree = BUILT_PRODUCTS_DIR; };
		141D318C2C81CECE00B7D303 /* SDU_App.swift */ = {isa = PBXFileReference; lastKnownFileType = sourcecode.swift; path = SDU_App.swift; sourceTree = "<group>"; };
		141D31902C81CECF00B7D303 /* Assets.xcassets */ = {isa = PBXFileReference; lastKnownFileType = folder.assetcatalog; path = Assets.xcassets; sourceTree = "<group>"; };
		141D31932C81CECF00B7D303 /* Preview Assets.xcassets */ = {isa = PBXFileReference; lastKnownFileType = folder.assetcatalog; path = "Preview Assets.xcassets"; sourceTree = "<group>"; };
		141D31992C81CECF00B7D303 /* SDU AppTests.xctest */ = {isa = PBXFileReference; explicitFileType = wrapper.cfbundle; includeInIndex = 0; path = "SDU AppTests.xctest"; sourceTree = BUILT_PRODUCTS_DIR; };
		141D319D2C81CECF00B7D303 /* SDU_AppTests.swift */ = {isa = PBXFileReference; lastKnownFileType = sourcecode.swift; path = SDU_AppTests.swift; sourceTree = "<group>"; };
		141D31A32C81CECF00B7D303 /* SDU AppUITests.xctest */ = {isa = PBXFileReference; explicitFileType = wrapper.cfbundle; includeInIndex = 0; path = "SDU AppUITests.xctest"; sourceTree = BUILT_PRODUCTS_DIR; };
		141D31A72C81CECF00B7D303 /* SDU_AppUITests.swift */ = {isa = PBXFileReference; lastKnownFileType = sourcecode.swift; path = SDU_AppUITests.swift; sourceTree = "<group>"; };
		141D31A92C81CECF00B7D303 /* SDU_AppUITestsLaunchTests.swift */ = {isa = PBXFileReference; lastKnownFileType = sourcecode.swift; path = SDU_AppUITestsLaunchTests.swift; sourceTree = "<group>"; };
		147C9DEF2C951C0400268345 /* ru */ = {isa = PBXFileReference; lastKnownFileType = text.plist.strings; name = ru; path = ru.lproj/courses_details.strings; sourceTree = "<group>"; };
		147C9DF02C951C5C00268345 /* ru */ = {isa = PBXFileReference; lastKnownFileType = text.plist.strings; name = ru; path = ru.lproj/sys_w.strings; sourceTree = "<group>"; };
		147C9DF72C95257800268345 /* ru */ = {isa = PBXFileReference; lastKnownFileType = text.plist.strings; name = ru; path = ru.lproj/Localizable.strings; sourceTree = "<group>"; };
		147C9DF82C9525C000268345 /* en */ = {isa = PBXFileReference; lastKnownFileType = text.plist.strings; name = en; path = en.lproj/Localizable.strings; sourceTree = "<group>"; };
		147C9E042C954F5100268345 /* kk */ = {isa = PBXFileReference; lastKnownFileType = text.plist.strings; name = kk; path = kk.lproj/courses_details.strings; sourceTree = "<group>"; };
		147C9E052C954F5600268345 /* kk */ = {isa = PBXFileReference; lastKnownFileType = text.plist.strings; name = kk; path = kk.lproj/sys_w.strings; sourceTree = "<group>"; };
		147C9E082C9550A600268345 /* kk */ = {isa = PBXFileReference; lastKnownFileType = text.plist.strings; name = kk; path = kk.lproj/Localizable.strings; sourceTree = "<group>"; };
		147C9E172C97498400268345 /* Color.swift */ = {isa = PBXFileReference; lastKnownFileType = sourcecode.swift; path = Color.swift; sourceTree = "<group>"; };
		147C9E1B2C974ECA00268345 /* Geometry.swift */ = {isa = PBXFileReference; lastKnownFileType = sourcecode.swift; path = Geometry.swift; sourceTree = "<group>"; };
		147C9E1D2C975FF700268345 /* WeekView.swift */ = {isa = PBXFileReference; lastKnownFileType = sourcecode.swift; path = WeekView.swift; sourceTree = "<group>"; };
		147C9E1F2C976C0500268345 /* StringCalls.swift */ = {isa = PBXFileReference; lastKnownFileType = sourcecode.swift; path = StringCalls.swift; sourceTree = "<group>"; };
		147C9E262C98B50A00268345 /* Waterfall.swift */ = {isa = PBXFileReference; lastKnownFileType = sourcecode.swift; path = Waterfall.swift; sourceTree = "<group>"; };
		147C9E282C98BB3900268345 /* LessonInfo.swift */ = {isa = PBXFileReference; lastKnownFileType = sourcecode.swift; path = LessonInfo.swift; sourceTree = "<group>"; };
		14C4764E2C9C40A300F8B8E3 /* ScheduleManager.swift */ = {isa = PBXFileReference; lastKnownFileType = sourcecode.swift; path = ScheduleManager.swift; sourceTree = "<group>"; };
		14C476502C9C418D00F8B8E3 /* NotificationManager.swift */ = {isa = PBXFileReference; lastKnownFileType = sourcecode.swift; path = NotificationManager.swift; sourceTree = "<group>"; };
		14C476522C9C481B00F8B8E3 /* ntfy-test(это просто какой то прикол).apns */ = {isa = PBXFileReference; lastKnownFileType = text; path = "ntfy-test(это просто какой то прикол).apns"; sourceTree = "<group>"; };
		14C4765B2C9C608C00F8B8E3 /* GoogleService-Info.plist */ = {isa = PBXFileReference; lastKnownFileType = text.plist.xml; path = "GoogleService-Info.plist"; sourceTree = "<group>"; };
		14C4765E2C9D286800F8B8E3 /* DatabaseManager.swift */ = {isa = PBXFileReference; lastKnownFileType = sourcecode.swift; path = DatabaseManager.swift; sourceTree = "<group>"; };
		14D1CA212CA06EB500F376C0 /* DatabaseConnection.swift */ = {isa = PBXFileReference; lastKnownFileType = sourcecode.swift; path = DatabaseConnection.swift; sourceTree = "<group>"; };
		14D2BC382C92A14A00E4CB6D /* en */ = {isa = PBXFileReference; lastKnownFileType = text.plist.strings; name = en; path = en.lproj/sys_w.strings; sourceTree = "<group>"; };
		14D2BC3B2C93E37C00E4CB6D /* en */ = {isa = PBXFileReference; lastKnownFileType = text.plist.strings; name = en; path = en.lproj/courses_details.strings; sourceTree = "<group>"; };
		14E104ED2C90BA41001A7F36 /* screen_schedule.swift */ = {isa = PBXFileReference; lastKnownFileType = sourcecode.swift; path = screen_schedule.swift; sourceTree = "<group>"; };
		14E104F02C910603001A7F36 /* ViewBox.swift */ = {isa = PBXFileReference; lastKnownFileType = sourcecode.swift; path = ViewBox.swift; sourceTree = "<group>"; };
		14E104F22C91B3F5001A7F36 /* screen_courses.swift */ = {isa = PBXFileReference; lastKnownFileType = sourcecode.swift; path = screen_courses.swift; sourceTree = "<group>"; };
		14E104F42C91B49B001A7F36 /* screen_deadlines.swift */ = {isa = PBXFileReference; lastKnownFileType = sourcecode.swift; path = screen_deadlines.swift; sourceTree = "<group>"; };
/* End PBXFileReference section */

/* Begin PBXFrameworksBuildPhase section */
		141D31862C81CECE00B7D303 /* Frameworks */ = {
			isa = PBXFrameworksBuildPhase;
			buildActionMask = 2147483647;
			files = (
				14D1CA182C9F4FF700F376C0 /* Algorithms in Frameworks */,
				147C9E142C9630CF00268345 /* FirebaseAppCheck in Frameworks */,
				14D1CA1E2C9F501900F376C0 /* FirebaseStorage in Frameworks */,
				14D1CA202C9F504C00F376C0 /* FirebaseFirestoreCombine-Community in Frameworks */,
				147C9E0E2C9630CF00268345 /* FirebaseAnalytics in Frameworks */,
				147C9E162C9630CF00268345 /* FirebaseAppDistribution-Beta in Frameworks */,
				147C9E122C9630CF00268345 /* FirebaseAnalyticsWithoutAdIdSupport in Frameworks */,
				147C9E102C9630CF00268345 /* FirebaseAnalyticsOnDeviceConversion in Frameworks */,
				14D1CA1C2C9F501200F376C0 /* FirebaseDatabase in Frameworks */,
				14D1CA1A2C9F500A00F376C0 /* FirebaseFirestore in Frameworks */,
			);
			runOnlyForDeploymentPostprocessing = 0;
		};
		141D31962C81CECF00B7D303 /* Frameworks */ = {
			isa = PBXFrameworksBuildPhase;
			buildActionMask = 2147483647;
			files = (
			);
			runOnlyForDeploymentPostprocessing = 0;
		};
		141D31A02C81CECF00B7D303 /* Frameworks */ = {
			isa = PBXFrameworksBuildPhase;
			buildActionMask = 2147483647;
			files = (
			);
			runOnlyForDeploymentPostprocessing = 0;
		};
/* End PBXFrameworksBuildPhase section */

/* Begin PBXGroup section */
		141D31802C81CECE00B7D303 = {
			isa = PBXGroup;
			children = (
				141D318B2C81CECE00B7D303 /* SDU_App */,
				141D319C2C81CECF00B7D303 /* SDU_AppTests */,
				141D31A62C81CECF00B7D303 /* SDU_AppUITests */,
				14D1CA162C9F4FF700F376C0 /* Frameworks */,
				141D318A2C81CECE00B7D303 /* Products */,
			);
			sourceTree = "<group>";
		};
		141D318A2C81CECE00B7D303 /* Products */ = {
			isa = PBXGroup;
			children = (
				141D31892C81CECE00B7D303 /* SDU App.app */,
				141D31992C81CECF00B7D303 /* SDU AppTests.xctest */,
				141D31A32C81CECF00B7D303 /* SDU AppUITests.xctest */,
			);
			name = Products;
			sourceTree = "<group>";
		};
		141D318B2C81CECE00B7D303 /* SDU_App */ = {
			isa = PBXGroup;
			children = (
				14D1CA152C9F4D2C00F376C0 /* API */,
				14C476582C9C5B9D00F8B8E3 /* Utils */,
				14E104EF2C90FD89001A7F36 /* logic */,
				14E104EC2C90B356001A7F36 /* res */,
				14E104EB2C90795C001A7F36 /* screens */,
				141D318C2C81CECE00B7D303 /* SDU_App.swift */,
				141D31902C81CECF00B7D303 /* Assets.xcassets */,
				141D31922C81CECF00B7D303 /* Preview Content */,
				14E104F02C910603001A7F36 /* ViewBox.swift */,
				147C9E1D2C975FF700268345 /* WeekView.swift */,
			);
			path = SDU_App;
			sourceTree = "<group>";
		};
		141D31922C81CECF00B7D303 /* Preview Content */ = {
			isa = PBXGroup;
			children = (
				141D31932C81CECF00B7D303 /* Preview Assets.xcassets */,
			);
			path = "Preview Content";
			sourceTree = "<group>";
		};
		141D319C2C81CECF00B7D303 /* SDU_AppTests */ = {
			isa = PBXGroup;
			children = (
				141D319D2C81CECF00B7D303 /* SDU_AppTests.swift */,
			);
			path = SDU_AppTests;
			sourceTree = "<group>";
		};
		141D31A62C81CECF00B7D303 /* SDU_AppUITests */ = {
			isa = PBXGroup;
			children = (
				141D31A72C81CECF00B7D303 /* SDU_AppUITests.swift */,
				141D31A92C81CECF00B7D303 /* SDU_AppUITestsLaunchTests.swift */,
			);
			path = SDU_AppUITests;
			sourceTree = "<group>";
		};
		147C9E192C97499600268345 /* Color */ = {
			isa = PBXGroup;
			children = (
				147C9E172C97498400268345 /* Color.swift */,
			);
			path = Color;
			sourceTree = "<group>";
		};
		147C9E1A2C974EB100268345 /* Geometry */ = {
			isa = PBXGroup;
			children = (
				147C9E1B2C974ECA00268345 /* Geometry.swift */,
			);
			path = Geometry;
			sourceTree = "<group>";
		};
		147C9E222C98B40400268345 /* Schedule */ = {
			isa = PBXGroup;
			children = (
				14C4764E2C9C40A300F8B8E3 /* ScheduleManager.swift */,
				147C9E282C98BB3900268345 /* LessonInfo.swift */,
			);
			path = Schedule;
			sourceTree = "<group>";
		};
		147C9E252C98B4E300268345 /* Animation */ = {
			isa = PBXGroup;
			children = (
				147C9E262C98B50A00268345 /* Waterfall.swift */,
			);
			path = Animation;
			sourceTree = "<group>";
		};
		14C4764B2C9C3EB000F8B8E3 /* Notifications */ = {
			isa = PBXGroup;
			children = (
				14C476522C9C481B00F8B8E3 /* ntfy-test(это просто какой то прикол).apns */,
				14C476502C9C418D00F8B8E3 /* NotificationManager.swift */,
			);
			path = Notifications;
			sourceTree = "<group>";
		};
		14C476582C9C5B9D00F8B8E3 /* Utils */ = {
			isa = PBXGroup;
			children = (
			);
			path = Utils;
			sourceTree = "<group>";
		};
		14C4765D2C9D283A00F8B8E3 /* Database */ = {
			isa = PBXGroup;
			children = (
				14C4765E2C9D286800F8B8E3 /* DatabaseManager.swift */,
				14D1CA212CA06EB500F376C0 /* DatabaseConnection.swift */,
			);
			path = Database;
			sourceTree = "<group>";
		};
		14D1CA152C9F4D2C00F376C0 /* API */ = {
			isa = PBXGroup;
			children = (
				14C4765B2C9C608C00F8B8E3 /* GoogleService-Info.plist */,
			);
			path = API;
			sourceTree = "<group>";
		};
		14D1CA162C9F4FF700F376C0 /* Frameworks */ = {
			isa = PBXGroup;
			children = (
			);
			name = Frameworks;
			sourceTree = "<group>";
		};
		14D2BC352C92A12200E4CB6D /* languages */ = {
			isa = PBXGroup;
			children = (
				14D2BC322C92A11B00E4CB6D /* Localizable.strings */,
			);
			path = languages;
			sourceTree = "<group>";
		};
		14D2BC362C92A13400E4CB6D /* strings */ = {
			isa = PBXGroup;
			children = (
				14D2BC372C92A14A00E4CB6D /* sys_w.strings */,
				14D2BC3A2C93E37C00E4CB6D /* courses_details.strings */,
				147C9E1F2C976C0500268345 /* StringCalls.swift */,
			);
			path = strings;
			sourceTree = "<group>";
		};
		14E104EB2C90795C001A7F36 /* screens */ = {
			isa = PBXGroup;
			children = (
				14E104F22C91B3F5001A7F36 /* screen_courses.swift */,
				14E104F42C91B49B001A7F36 /* screen_deadlines.swift */,
				14E104ED2C90BA41001A7F36 /* screen_schedule.swift */,
			);
			path = screens;
			sourceTree = "<group>";
		};
		14E104EC2C90B356001A7F36 /* res */ = {
			isa = PBXGroup;
			children = (
				147C9E1A2C974EB100268345 /* Geometry */,
				147C9E192C97499600268345 /* Color */,
				14D2BC362C92A13400E4CB6D /* strings */,
				14D2BC352C92A12200E4CB6D /* languages */,
			);
			path = res;
			sourceTree = "<group>";
		};
		14E104EF2C90FD89001A7F36 /* logic */ = {
			isa = PBXGroup;
			children = (
				14C4765D2C9D283A00F8B8E3 /* Database */,
				14C4764B2C9C3EB000F8B8E3 /* Notifications */,
				147C9E252C98B4E300268345 /* Animation */,
				147C9E222C98B40400268345 /* Schedule */,
			);
			path = logic;
			sourceTree = "<group>";
		};
/* End PBXGroup section */

/* Begin PBXNativeTarget section */
		141D31882C81CECE00B7D303 /* SDU App */ = {
			isa = PBXNativeTarget;
			buildConfigurationList = 141D31AD2C81CECF00B7D303 /* Build configuration list for PBXNativeTarget "SDU App" */;
			buildPhases = (
				141D31852C81CECE00B7D303 /* Sources */,
				141D31862C81CECE00B7D303 /* Frameworks */,
				141D31872C81CECE00B7D303 /* Resources */,
			);
			buildRules = (
			);
			dependencies = (
			);
			name = "SDU App";
			packageProductDependencies = (
				147C9E0D2C9630CF00268345 /* FirebaseAnalytics */,
				147C9E0F2C9630CF00268345 /* FirebaseAnalyticsOnDeviceConversion */,
				147C9E112C9630CF00268345 /* FirebaseAnalyticsWithoutAdIdSupport */,
				147C9E132C9630CF00268345 /* FirebaseAppCheck */,
				147C9E152C9630CF00268345 /* FirebaseAppDistribution-Beta */,
				14D1CA172C9F4FF700F376C0 /* Algorithms */,
				14D1CA192C9F500A00F376C0 /* FirebaseFirestore */,
				14D1CA1B2C9F501200F376C0 /* FirebaseDatabase */,
				14D1CA1D2C9F501900F376C0 /* FirebaseStorage */,
				14D1CA1F2C9F504C00F376C0 /* FirebaseFirestoreCombine-Community */,
			);
			productName = SDU_App;
			productReference = 141D31892C81CECE00B7D303 /* SDU App.app */;
			productType = "com.apple.product-type.application";
		};
		141D31982C81CECF00B7D303 /* SDU AppTests */ = {
			isa = PBXNativeTarget;
			buildConfigurationList = 141D31B02C81CECF00B7D303 /* Build configuration list for PBXNativeTarget "SDU AppTests" */;
			buildPhases = (
				141D31952C81CECF00B7D303 /* Sources */,
				141D31962C81CECF00B7D303 /* Frameworks */,
				141D31972C81CECF00B7D303 /* Resources */,
			);
			buildRules = (
			);
			dependencies = (
				141D319B2C81CECF00B7D303 /* PBXTargetDependency */,
			);
			name = "SDU AppTests";
			productName = SDU_AppTests;
			productReference = 141D31992C81CECF00B7D303 /* SDU AppTests.xctest */;
			productType = "com.apple.product-type.bundle.unit-test";
		};
		141D31A22C81CECF00B7D303 /* SDU AppUITests */ = {
			isa = PBXNativeTarget;
			buildConfigurationList = 141D31B32C81CECF00B7D303 /* Build configuration list for PBXNativeTarget "SDU AppUITests" */;
			buildPhases = (
				141D319F2C81CECF00B7D303 /* Sources */,
				141D31A02C81CECF00B7D303 /* Frameworks */,
				141D31A12C81CECF00B7D303 /* Resources */,
			);
			buildRules = (
			);
			dependencies = (
				141D31A52C81CECF00B7D303 /* PBXTargetDependency */,
			);
			name = "SDU AppUITests";
			productName = SDU_AppUITests;
			productReference = 141D31A32C81CECF00B7D303 /* SDU AppUITests.xctest */;
			productType = "com.apple.product-type.bundle.ui-testing";
		};
/* End PBXNativeTarget section */

/* Begin PBXProject section */
		141D31812C81CECE00B7D303 /* Project object */ = {
			isa = PBXProject;
			attributes = {
				BuildIndependentTargetsInParallel = 1;
				LastSwiftUpdateCheck = 1540;
				LastUpgradeCheck = 1540;
				TargetAttributes = {
					141D31882C81CECE00B7D303 = {
						CreatedOnToolsVersion = 15.4;
					};
					141D31982C81CECF00B7D303 = {
						CreatedOnToolsVersion = 15.4;
						TestTargetID = 141D31882C81CECE00B7D303;
					};
					141D31A22C81CECF00B7D303 = {
						CreatedOnToolsVersion = 15.4;
						TestTargetID = 141D31882C81CECE00B7D303;
					};
				};
			};
			buildConfigurationList = 141D31842C81CECE00B7D303 /* Build configuration list for PBXProject "SDU App" */;
			compatibilityVersion = "Xcode 14.0";
			developmentRegion = ru;
			hasScannedForEncodings = 0;
			knownRegions = (
				en,
				Base,
				ru,
				kk,
			);
			mainGroup = 141D31802C81CECE00B7D303;
			packageReferences = (
				147C9E092C962A2400268345 /* XCRemoteSwiftPackageReference "swift-algorithms" */,
				147C9E0C2C9630CF00268345 /* XCRemoteSwiftPackageReference "firebase-ios-sdk" */,
			);
			productRefGroup = 141D318A2C81CECE00B7D303 /* Products */;
			projectDirPath = "";
			projectRoot = "";
			targets = (
				141D31882C81CECE00B7D303 /* SDU App */,
				141D31982C81CECF00B7D303 /* SDU AppTests */,
				141D31A22C81CECF00B7D303 /* SDU AppUITests */,
			);
		};
/* End PBXProject section */

/* Begin PBXResourcesBuildPhase section */
		141D31872C81CECE00B7D303 /* Resources */ = {
			isa = PBXResourcesBuildPhase;
			buildActionMask = 2147483647;
			files = (
				141D31942C81CECF00B7D303 /* Preview Assets.xcassets in Resources */,
				14D2BC392C92A14A00E4CB6D /* sys_w.strings in Resources */,
				14D2BC342C92A11B00E4CB6D /* Localizable.strings in Resources */,
				14D2BC3C2C93E37C00E4CB6D /* courses_details.strings in Resources */,
				14C476532C9C482600F8B8E3 /* ntfy-test(это просто какой то прикол).apns in Resources */,
				141D31912C81CECF00B7D303 /* Assets.xcassets in Resources */,
				14C4765C2C9C608C00F8B8E3 /* GoogleService-Info.plist in Resources */,
			);
			runOnlyForDeploymentPostprocessing = 0;
		};
		141D31972C81CECF00B7D303 /* Resources */ = {
			isa = PBXResourcesBuildPhase;
			buildActionMask = 2147483647;
			files = (
			);
			runOnlyForDeploymentPostprocessing = 0;
		};
		141D31A12C81CECF00B7D303 /* Resources */ = {
			isa = PBXResourcesBuildPhase;
			buildActionMask = 2147483647;
			files = (
			);
			runOnlyForDeploymentPostprocessing = 0;
		};
/* End PBXResourcesBuildPhase section */

/* Begin PBXSourcesBuildPhase section */
		141D31852C81CECE00B7D303 /* Sources */ = {
			isa = PBXSourcesBuildPhase;
			buildActionMask = 2147483647;
			files = (
				147C9E1E2C975FF700268345 /* WeekView.swift in Sources */,
				14D1CA222CA06EB500F376C0 /* DatabaseConnection.swift in Sources */,
				147C9E272C98B50A00268345 /* Waterfall.swift in Sources */,
				141D318D2C81CECE00B7D303 /* SDU_App.swift in Sources */,
				147C9E1C2C974ECA00268345 /* Geometry.swift in Sources */,
				147C9E292C98BB3900268345 /* LessonInfo.swift in Sources */,
				147C9E202C976C0500268345 /* StringCalls.swift in Sources */,
				14C4765F2C9D286E00F8B8E3 /* DatabaseManager.swift in Sources */,
				14C476512C9C419400F8B8E3 /* NotificationManager.swift in Sources */,
				14E104EE2C90BA41001A7F36 /* screen_schedule.swift in Sources */,
				14E104F32C91B3F5001A7F36 /* screen_courses.swift in Sources */,
				14C4764F2C9C40AB00F8B8E3 /* ScheduleManager.swift in Sources */,
				14E104F52C91B49B001A7F36 /* screen_deadlines.swift in Sources */,
				14E104F12C910603001A7F36 /* ViewBox.swift in Sources */,
				147C9E182C97498400268345 /* Color.swift in Sources */,
			);
			runOnlyForDeploymentPostprocessing = 0;
		};
		141D31952C81CECF00B7D303 /* Sources */ = {
			isa = PBXSourcesBuildPhase;
			buildActionMask = 2147483647;
			files = (
				141D319E2C81CECF00B7D303 /* SDU_AppTests.swift in Sources */,
			);
			runOnlyForDeploymentPostprocessing = 0;
		};
		141D319F2C81CECF00B7D303 /* Sources */ = {
			isa = PBXSourcesBuildPhase;
			buildActionMask = 2147483647;
			files = (
				141D31A82C81CECF00B7D303 /* SDU_AppUITests.swift in Sources */,
				141D31AA2C81CECF00B7D303 /* SDU_AppUITestsLaunchTests.swift in Sources */,
			);
			runOnlyForDeploymentPostprocessing = 0;
		};
/* End PBXSourcesBuildPhase section */

/* Begin PBXTargetDependency section */
		141D319B2C81CECF00B7D303 /* PBXTargetDependency */ = {
			isa = PBXTargetDependency;
			target = 141D31882C81CECE00B7D303 /* SDU App */;
			targetProxy = 141D319A2C81CECF00B7D303 /* PBXContainerItemProxy */;
		};
		141D31A52C81CECF00B7D303 /* PBXTargetDependency */ = {
			isa = PBXTargetDependency;
			target = 141D31882C81CECE00B7D303 /* SDU App */;
			targetProxy = 141D31A42C81CECF00B7D303 /* PBXContainerItemProxy */;
		};
/* End PBXTargetDependency section */

/* Begin PBXVariantGroup section */
		14D2BC322C92A11B00E4CB6D /* Localizable.strings */ = {
			isa = PBXVariantGroup;
			children = (
				147C9DF72C95257800268345 /* ru */,
				147C9DF82C9525C000268345 /* en */,
				147C9E082C9550A600268345 /* kk */,
			);
			name = Localizable.strings;
			sourceTree = "<group>";
		};
		14D2BC372C92A14A00E4CB6D /* sys_w.strings */ = {
			isa = PBXVariantGroup;
			children = (
				14D2BC382C92A14A00E4CB6D /* en */,
				147C9DF02C951C5C00268345 /* ru */,
				147C9E052C954F5600268345 /* kk */,
			);
			name = sys_w.strings;
			sourceTree = "<group>";
		};
		14D2BC3A2C93E37C00E4CB6D /* courses_details.strings */ = {
			isa = PBXVariantGroup;
			children = (
				14D2BC3B2C93E37C00E4CB6D /* en */,
				147C9DEF2C951C0400268345 /* ru */,
				147C9E042C954F5100268345 /* kk */,
			);
			name = courses_details.strings;
			sourceTree = "<group>";
		};
/* End PBXVariantGroup section */

/* Begin XCBuildConfiguration section */
		141D31AB2C81CECF00B7D303 /* Debug */ = {
			isa = XCBuildConfiguration;
			buildSettings = {
				ALWAYS_SEARCH_USER_PATHS = NO;
				ASSETCATALOG_COMPILER_GENERATE_SWIFT_ASSET_SYMBOL_EXTENSIONS = YES;
				CLANG_ANALYZER_NONNULL = YES;
				CLANG_ANALYZER_NUMBER_OBJECT_CONVERSION = YES_AGGRESSIVE;
				CLANG_CXX_LANGUAGE_STANDARD = "gnu++20";
				CLANG_ENABLE_MODULES = YES;
				CLANG_ENABLE_OBJC_ARC = YES;
				CLANG_ENABLE_OBJC_WEAK = YES;
				CLANG_WARN_BLOCK_CAPTURE_AUTORELEASING = YES;
				CLANG_WARN_BOOL_CONVERSION = YES;
				CLANG_WARN_COMMA = YES;
				CLANG_WARN_CONSTANT_CONVERSION = YES;
				CLANG_WARN_DEPRECATED_OBJC_IMPLEMENTATIONS = YES;
				CLANG_WARN_DIRECT_OBJC_ISA_USAGE = YES_ERROR;
				CLANG_WARN_DOCUMENTATION_COMMENTS = YES;
				CLANG_WARN_EMPTY_BODY = YES;
				CLANG_WARN_ENUM_CONVERSION = YES;
				CLANG_WARN_INFINITE_RECURSION = YES;
				CLANG_WARN_INT_CONVERSION = YES;
				CLANG_WARN_NON_LITERAL_NULL_CONVERSION = YES;
				CLANG_WARN_OBJC_IMPLICIT_RETAIN_SELF = YES;
				CLANG_WARN_OBJC_LITERAL_CONVERSION = YES;
				CLANG_WARN_OBJC_ROOT_CLASS = YES_ERROR;
				CLANG_WARN_QUOTED_INCLUDE_IN_FRAMEWORK_HEADER = YES;
				CLANG_WARN_RANGE_LOOP_ANALYSIS = YES;
				CLANG_WARN_STRICT_PROTOTYPES = YES;
				CLANG_WARN_SUSPICIOUS_MOVE = YES;
				CLANG_WARN_UNGUARDED_AVAILABILITY = YES_AGGRESSIVE;
				CLANG_WARN_UNREACHABLE_CODE = YES;
				CLANG_WARN__DUPLICATE_METHOD_MATCH = YES;
				COPY_PHASE_STRIP = NO;
				DEBUG_INFORMATION_FORMAT = dwarf;
				ENABLE_STRICT_OBJC_MSGSEND = YES;
				ENABLE_TESTABILITY = YES;
				ENABLE_USER_SCRIPT_SANDBOXING = YES;
				GCC_C_LANGUAGE_STANDARD = gnu17;
				GCC_DYNAMIC_NO_PIC = NO;
				GCC_NO_COMMON_BLOCKS = YES;
				GCC_OPTIMIZATION_LEVEL = 0;
				GCC_PREPROCESSOR_DEFINITIONS = (
					"DEBUG=1",
					"$(inherited)",
				);
				GCC_WARN_64_TO_32_BIT_CONVERSION = YES;
				GCC_WARN_ABOUT_RETURN_TYPE = YES_ERROR;
				GCC_WARN_UNDECLARED_SELECTOR = YES;
				GCC_WARN_UNINITIALIZED_AUTOS = YES_AGGRESSIVE;
				GCC_WARN_UNUSED_FUNCTION = YES;
				GCC_WARN_UNUSED_VARIABLE = YES;
				IPHONEOS_DEPLOYMENT_TARGET = 17.0;
				LOCALIZATION_PREFERS_STRING_CATALOGS = YES;
				MTL_ENABLE_DEBUG_INFO = INCLUDE_SOURCE;
				MTL_FAST_MATH = YES;
				ONLY_ACTIVE_ARCH = YES;
				SDKROOT = iphoneos;
				SWIFT_ACTIVE_COMPILATION_CONDITIONS = "DEBUG $(inherited)";
				SWIFT_OPTIMIZATION_LEVEL = "-Onone";
			};
			name = Debug;
		};
		141D31AC2C81CECF00B7D303 /* Release */ = {
			isa = XCBuildConfiguration;
			buildSettings = {
				ALWAYS_SEARCH_USER_PATHS = NO;
				ASSETCATALOG_COMPILER_GENERATE_SWIFT_ASSET_SYMBOL_EXTENSIONS = YES;
				CLANG_ANALYZER_NONNULL = YES;
				CLANG_ANALYZER_NUMBER_OBJECT_CONVERSION = YES_AGGRESSIVE;
				CLANG_CXX_LANGUAGE_STANDARD = "gnu++20";
				CLANG_ENABLE_MODULES = YES;
				CLANG_ENABLE_OBJC_ARC = YES;
				CLANG_ENABLE_OBJC_WEAK = YES;
				CLANG_WARN_BLOCK_CAPTURE_AUTORELEASING = YES;
				CLANG_WARN_BOOL_CONVERSION = YES;
				CLANG_WARN_COMMA = YES;
				CLANG_WARN_CONSTANT_CONVERSION = YES;
				CLANG_WARN_DEPRECATED_OBJC_IMPLEMENTATIONS = YES;
				CLANG_WARN_DIRECT_OBJC_ISA_USAGE = YES_ERROR;
				CLANG_WARN_DOCUMENTATION_COMMENTS = YES;
				CLANG_WARN_EMPTY_BODY = YES;
				CLANG_WARN_ENUM_CONVERSION = YES;
				CLANG_WARN_INFINITE_RECURSION = YES;
				CLANG_WARN_INT_CONVERSION = YES;
				CLANG_WARN_NON_LITERAL_NULL_CONVERSION = YES;
				CLANG_WARN_OBJC_IMPLICIT_RETAIN_SELF = YES;
				CLANG_WARN_OBJC_LITERAL_CONVERSION = YES;
				CLANG_WARN_OBJC_ROOT_CLASS = YES_ERROR;
				CLANG_WARN_QUOTED_INCLUDE_IN_FRAMEWORK_HEADER = YES;
				CLANG_WARN_RANGE_LOOP_ANALYSIS = YES;
				CLANG_WARN_STRICT_PROTOTYPES = YES;
				CLANG_WARN_SUSPICIOUS_MOVE = YES;
				CLANG_WARN_UNGUARDED_AVAILABILITY = YES_AGGRESSIVE;
				CLANG_WARN_UNREACHABLE_CODE = YES;
				CLANG_WARN__DUPLICATE_METHOD_MATCH = YES;
				COPY_PHASE_STRIP = NO;
				DEBUG_INFORMATION_FORMAT = "dwarf-with-dsym";
				ENABLE_NS_ASSERTIONS = NO;
				ENABLE_STRICT_OBJC_MSGSEND = YES;
				ENABLE_USER_SCRIPT_SANDBOXING = YES;
				GCC_C_LANGUAGE_STANDARD = gnu17;
				GCC_NO_COMMON_BLOCKS = YES;
				GCC_WARN_64_TO_32_BIT_CONVERSION = YES;
				GCC_WARN_ABOUT_RETURN_TYPE = YES_ERROR;
				GCC_WARN_UNDECLARED_SELECTOR = YES;
				GCC_WARN_UNINITIALIZED_AUTOS = YES_AGGRESSIVE;
				GCC_WARN_UNUSED_FUNCTION = YES;
				GCC_WARN_UNUSED_VARIABLE = YES;
				IPHONEOS_DEPLOYMENT_TARGET = 17.0;
				LOCALIZATION_PREFERS_STRING_CATALOGS = YES;
				MTL_ENABLE_DEBUG_INFO = NO;
				MTL_FAST_MATH = YES;
				SDKROOT = iphoneos;
				SWIFT_COMPILATION_MODE = wholemodule;
				VALIDATE_PRODUCT = YES;
			};
			name = Release;
		};
		141D31AE2C81CECF00B7D303 /* Debug */ = {
			isa = XCBuildConfiguration;
			buildSettings = {
				ASSETCATALOG_COMPILER_APPICON_NAME = AppIcon;
				ASSETCATALOG_COMPILER_GLOBAL_ACCENT_COLOR_NAME = AccentColor;
				ASSETCATALOG_COMPILER_INCLUDE_ALL_APPICON_ASSETS = YES;
				CODE_SIGN_STYLE = Automatic;
				CURRENT_PROJECT_VERSION = 1;
				DEVELOPMENT_ASSET_PATHS = "\"SDU_App/Preview Content\"";
				DEVELOPMENT_TEAM = QK5P573V9D;
				ENABLE_PREVIEWS = YES;
				GENERATE_INFOPLIST_FILE = YES;
				INFOPLIST_KEY_CFBundleDisplayName = "SDU App";
				INFOPLIST_KEY_LSApplicationCategoryType = "public.app-category.education";
				INFOPLIST_KEY_UIApplicationSceneManifest_Generation = YES;
				INFOPLIST_KEY_UIApplicationSupportsIndirectInputEvents = YES;
				INFOPLIST_KEY_UILaunchScreen_Generation = YES;
				INFOPLIST_KEY_UIStatusBarStyle = "";
				INFOPLIST_KEY_UISupportedInterfaceOrientations_iPad = "UIInterfaceOrientationPortrait UIInterfaceOrientationPortraitUpsideDown UIInterfaceOrientationLandscapeLeft UIInterfaceOrientationLandscapeRight";
				INFOPLIST_KEY_UISupportedInterfaceOrientations_iPhone = "UIInterfaceOrientationPortrait UIInterfaceOrientationLandscapeLeft UIInterfaceOrientationLandscapeRight";
				IPHONEOS_DEPLOYMENT_TARGET = 17.0;
				LD_RUNPATH_SEARCH_PATHS = (
					"$(inherited)",
					"@executable_path/Frameworks",
				);
				MARKETING_VERSION = " 0.0.0.1";
				PRODUCT_BUNDLE_IDENTIFIER = "soloP.SDU-App";
				PRODUCT_NAME = "$(TARGET_NAME)";
				SUPPORTED_PLATFORMS = "iphoneos iphonesimulator";
				SUPPORTS_MACCATALYST = NO;
				SUPPORTS_MAC_DESIGNED_FOR_IPHONE_IPAD = NO;
				SUPPORTS_XR_DESIGNED_FOR_IPHONE_IPAD = NO;
				SWIFT_EMIT_LOC_STRINGS = YES;
				SWIFT_VERSION = 5.0;
				TARGETED_DEVICE_FAMILY = 1;
			};
			name = Debug;
		};
		141D31AF2C81CECF00B7D303 /* Release */ = {
			isa = XCBuildConfiguration;
			buildSettings = {
				ASSETCATALOG_COMPILER_APPICON_NAME = AppIcon;
				ASSETCATALOG_COMPILER_GLOBAL_ACCENT_COLOR_NAME = AccentColor;
				ASSETCATALOG_COMPILER_INCLUDE_ALL_APPICON_ASSETS = YES;
				CODE_SIGN_STYLE = Automatic;
				CURRENT_PROJECT_VERSION = 1;
				DEVELOPMENT_ASSET_PATHS = "\"SDU_App/Preview Content\"";
				DEVELOPMENT_TEAM = QK5P573V9D;
				ENABLE_PREVIEWS = YES;
				GENERATE_INFOPLIST_FILE = YES;
				INFOPLIST_KEY_CFBundleDisplayName = "SDU App";
				INFOPLIST_KEY_LSApplicationCategoryType = "public.app-category.education";
				INFOPLIST_KEY_UIApplicationSceneManifest_Generation = YES;
				INFOPLIST_KEY_UIApplicationSupportsIndirectInputEvents = YES;
				INFOPLIST_KEY_UILaunchScreen_Generation = YES;
				INFOPLIST_KEY_UIStatusBarStyle = "";
				INFOPLIST_KEY_UISupportedInterfaceOrientations_iPad = "UIInterfaceOrientationPortrait UIInterfaceOrientationPortraitUpsideDown UIInterfaceOrientationLandscapeLeft UIInterfaceOrientationLandscapeRight";
				INFOPLIST_KEY_UISupportedInterfaceOrientations_iPhone = "UIInterfaceOrientationPortrait UIInterfaceOrientationLandscapeLeft UIInterfaceOrientationLandscapeRight";
				IPHONEOS_DEPLOYMENT_TARGET = 17.0;
				LD_RUNPATH_SEARCH_PATHS = (
					"$(inherited)",
					"@executable_path/Frameworks",
				);
				MARKETING_VERSION = " 0.0.0.1";
				PRODUCT_BUNDLE_IDENTIFIER = "soloP.SDU-App";
				PRODUCT_NAME = "$(TARGET_NAME)";
				SUPPORTED_PLATFORMS = "iphoneos iphonesimulator";
				SUPPORTS_MACCATALYST = NO;
				SUPPORTS_MAC_DESIGNED_FOR_IPHONE_IPAD = NO;
				SUPPORTS_XR_DESIGNED_FOR_IPHONE_IPAD = NO;
				SWIFT_EMIT_LOC_STRINGS = YES;
				SWIFT_VERSION = 5.0;
				TARGETED_DEVICE_FAMILY = 1;
			};
			name = Release;
		};
		141D31B12C81CECF00B7D303 /* Debug */ = {
			isa = XCBuildConfiguration;
			buildSettings = {
				ALWAYS_EMBED_SWIFT_STANDARD_LIBRARIES = YES;
				BUNDLE_LOADER = "$(TEST_HOST)";
				"CODE_SIGN_IDENTITY[sdk=macosx*]" = "-";
				CODE_SIGN_STYLE = Automatic;
				CURRENT_PROJECT_VERSION = 1;
				DEVELOPMENT_TEAM = QK5P573V9D;
				GENERATE_INFOPLIST_FILE = YES;
				IPHONEOS_DEPLOYMENT_TARGET = 17.5;
				MARKETING_VERSION = 1.0;
				PRODUCT_BUNDLE_IDENTIFIER = "soloP.SDU-AppTests";
				PRODUCT_NAME = "$(TARGET_NAME)";
				SWIFT_EMIT_LOC_STRINGS = NO;
				SWIFT_VERSION = 5.0;
				TARGETED_DEVICE_FAMILY = "1,2";
				TEST_HOST = "$(BUILT_PRODUCTS_DIR)/SDU App.app/$(BUNDLE_EXECUTABLE_FOLDER_PATH)/SDU App";
			};
			name = Debug;
		};
		141D31B22C81CECF00B7D303 /* Release */ = {
			isa = XCBuildConfiguration;
			buildSettings = {
				ALWAYS_EMBED_SWIFT_STANDARD_LIBRARIES = YES;
				BUNDLE_LOADER = "$(TEST_HOST)";
				"CODE_SIGN_IDENTITY[sdk=macosx*]" = "-";
				CODE_SIGN_STYLE = Automatic;
				CURRENT_PROJECT_VERSION = 1;
				DEVELOPMENT_TEAM = QK5P573V9D;
				GENERATE_INFOPLIST_FILE = YES;
				IPHONEOS_DEPLOYMENT_TARGET = 17.5;
				MARKETING_VERSION = 1.0;
				PRODUCT_BUNDLE_IDENTIFIER = "soloP.SDU-AppTests";
				PRODUCT_NAME = "$(TARGET_NAME)";
				SWIFT_EMIT_LOC_STRINGS = NO;
				SWIFT_VERSION = 5.0;
				TARGETED_DEVICE_FAMILY = "1,2";
				TEST_HOST = "$(BUILT_PRODUCTS_DIR)/SDU App.app/$(BUNDLE_EXECUTABLE_FOLDER_PATH)/SDU App";
			};
			name = Release;
		};
		141D31B42C81CECF00B7D303 /* Debug */ = {
			isa = XCBuildConfiguration;
			buildSettings = {
				ALWAYS_EMBED_SWIFT_STANDARD_LIBRARIES = YES;
				"CODE_SIGN_IDENTITY[sdk=macosx*]" = "Apple Development";
				CODE_SIGN_STYLE = Automatic;
				CURRENT_PROJECT_VERSION = 1;
				DEVELOPMENT_TEAM = QK5P573V9D;
				GENERATE_INFOPLIST_FILE = YES;
				MARKETING_VERSION = 1.0;
				PRODUCT_BUNDLE_IDENTIFIER = "soloP.SDU-AppUITests";
				PRODUCT_NAME = "$(TARGET_NAME)";
				SWIFT_EMIT_LOC_STRINGS = NO;
				SWIFT_VERSION = 5.0;
				TARGETED_DEVICE_FAMILY = "1,2";
				TEST_TARGET_NAME = SDU_App;
			};
			name = Debug;
		};
		141D31B52C81CECF00B7D303 /* Release */ = {
			isa = XCBuildConfiguration;
			buildSettings = {
				ALWAYS_EMBED_SWIFT_STANDARD_LIBRARIES = YES;
				"CODE_SIGN_IDENTITY[sdk=macosx*]" = "Apple Development";
				CODE_SIGN_STYLE = Automatic;
				CURRENT_PROJECT_VERSION = 1;
				DEVELOPMENT_TEAM = QK5P573V9D;
				GENERATE_INFOPLIST_FILE = YES;
				MARKETING_VERSION = 1.0;
				PRODUCT_BUNDLE_IDENTIFIER = "soloP.SDU-AppUITests";
				PRODUCT_NAME = "$(TARGET_NAME)";
				SWIFT_EMIT_LOC_STRINGS = NO;
				SWIFT_VERSION = 5.0;
				TARGETED_DEVICE_FAMILY = "1,2";
				TEST_TARGET_NAME = SDU_App;
			};
			name = Release;
		};
/* End XCBuildConfiguration section */

/* Begin XCConfigurationList section */
		141D31842C81CECE00B7D303 /* Build configuration list for PBXProject "SDU App" */ = {
			isa = XCConfigurationList;
			buildConfigurations = (
				141D31AB2C81CECF00B7D303 /* Debug */,
				141D31AC2C81CECF00B7D303 /* Release */,
			);
			defaultConfigurationIsVisible = 0;
			defaultConfigurationName = Release;
		};
		141D31AD2C81CECF00B7D303 /* Build configuration list for PBXNativeTarget "SDU App" */ = {
			isa = XCConfigurationList;
			buildConfigurations = (
				141D31AE2C81CECF00B7D303 /* Debug */,
				141D31AF2C81CECF00B7D303 /* Release */,
			);
			defaultConfigurationIsVisible = 0;
			defaultConfigurationName = Release;
		};
		141D31B02C81CECF00B7D303 /* Build configuration list for PBXNativeTarget "SDU AppTests" */ = {
			isa = XCConfigurationList;
			buildConfigurations = (
				141D31B12C81CECF00B7D303 /* Debug */,
				141D31B22C81CECF00B7D303 /* Release */,
			);
			defaultConfigurationIsVisible = 0;
			defaultConfigurationName = Release;
		};
		141D31B32C81CECF00B7D303 /* Build configuration list for PBXNativeTarget "SDU AppUITests" */ = {
			isa = XCConfigurationList;
			buildConfigurations = (
				141D31B42C81CECF00B7D303 /* Debug */,
				141D31B52C81CECF00B7D303 /* Release */,
			);
			defaultConfigurationIsVisible = 0;
			defaultConfigurationName = Release;
		};
/* End XCConfigurationList section */

/* Begin XCRemoteSwiftPackageReference section */
		147C9E092C962A2400268345 /* XCRemoteSwiftPackageReference "swift-algorithms" */ = {
			isa = XCRemoteSwiftPackageReference;
			repositoryURL = "https://github.com/apple/swift-algorithms.git";
			requirement = {
				kind = upToNextMajorVersion;
				minimumVersion = 1.2.0;
			};
		};
		147C9E0C2C9630CF00268345 /* XCRemoteSwiftPackageReference "firebase-ios-sdk" */ = {
			isa = XCRemoteSwiftPackageReference;
			repositoryURL = "https://github.com/firebase/firebase-ios-sdk";
			requirement = {
				kind = upToNextMajorVersion;
				minimumVersion = 11.2.0;
			};
		};
/* End XCRemoteSwiftPackageReference section */

/* Begin XCSwiftPackageProductDependency section */
		147C9E0D2C9630CF00268345 /* FirebaseAnalytics */ = {
			isa = XCSwiftPackageProductDependency;
			package = 147C9E0C2C9630CF00268345 /* XCRemoteSwiftPackageReference "firebase-ios-sdk" */;
			productName = FirebaseAnalytics;
		};
		147C9E0F2C9630CF00268345 /* FirebaseAnalyticsOnDeviceConversion */ = {
			isa = XCSwiftPackageProductDependency;
			package = 147C9E0C2C9630CF00268345 /* XCRemoteSwiftPackageReference "firebase-ios-sdk" */;
			productName = FirebaseAnalyticsOnDeviceConversion;
		};
		147C9E112C9630CF00268345 /* FirebaseAnalyticsWithoutAdIdSupport */ = {
			isa = XCSwiftPackageProductDependency;
			package = 147C9E0C2C9630CF00268345 /* XCRemoteSwiftPackageReference "firebase-ios-sdk" */;
			productName = FirebaseAnalyticsWithoutAdIdSupport;
		};
		147C9E132C9630CF00268345 /* FirebaseAppCheck */ = {
			isa = XCSwiftPackageProductDependency;
			package = 147C9E0C2C9630CF00268345 /* XCRemoteSwiftPackageReference "firebase-ios-sdk" */;
			productName = FirebaseAppCheck;
		};
		147C9E152C9630CF00268345 /* FirebaseAppDistribution-Beta */ = {
			isa = XCSwiftPackageProductDependency;
			package = 147C9E0C2C9630CF00268345 /* XCRemoteSwiftPackageReference "firebase-ios-sdk" */;
			productName = "FirebaseAppDistribution-Beta";
		};
		14D1CA172C9F4FF700F376C0 /* Algorithms */ = {
			isa = XCSwiftPackageProductDependency;
			package = 147C9E092C962A2400268345 /* XCRemoteSwiftPackageReference "swift-algorithms" */;
			productName = Algorithms;
		};
		14D1CA192C9F500A00F376C0 /* FirebaseFirestore */ = {
			isa = XCSwiftPackageProductDependency;
			package = 147C9E0C2C9630CF00268345 /* XCRemoteSwiftPackageReference "firebase-ios-sdk" */;
			productName = FirebaseFirestore;
		};
		14D1CA1B2C9F501200F376C0 /* FirebaseDatabase */ = {
			isa = XCSwiftPackageProductDependency;
			package = 147C9E0C2C9630CF00268345 /* XCRemoteSwiftPackageReference "firebase-ios-sdk" */;
			productName = FirebaseDatabase;
		};
		14D1CA1D2C9F501900F376C0 /* FirebaseStorage */ = {
			isa = XCSwiftPackageProductDependency;
			package = 147C9E0C2C9630CF00268345 /* XCRemoteSwiftPackageReference "firebase-ios-sdk" */;
			productName = FirebaseStorage;
		};
		14D1CA1F2C9F504C00F376C0 /* FirebaseFirestoreCombine-Community */ = {
			isa = XCSwiftPackageProductDependency;
			package = 147C9E0C2C9630CF00268345 /* XCRemoteSwiftPackageReference "firebase-ios-sdk" */;
			productName = "FirebaseFirestoreCombine-Community";
		};
/* End XCSwiftPackageProductDependency section */
	};
	rootObject = 141D31812C81CECE00B7D303 /* Project object */;
}
